
Microsoft Visual Studio Solution File, Format Version 12.00
# Visual Studio Version 16
VisualStudioVersion = 16.0.28803.156
MinimumVisualStudioVersion = 10.0.40219.1
Project("{FAE04EC0-301F-11D3-BF4B-00C04F79EFBC}") = "Heroes", "Heroes\Heroes.csproj", "{20473B23-D786-4A7F-BEAB-47C05B5FA123}"
EndProject
Global
	GlobalSection(SolutionConfigurationPlatforms) = preSolution
		Debug|Any CPU = Debug|Any CPU
		Release|Any CPU = Release|Any CPU
	EndGlobalSection
	GlobalSection(ProjectConfigurationPlatforms) = postSolution
		{20473B23-D786-4A7F-BEAB-47C05B5FA123}.Debug|Any CPU.ActiveCfg = Debug|Any CPU
		{20473B23-D786-4A7F-BEAB-47C05B5FA123}.Debug|Any CPU.Build.0 = Debug|Any CPU
		{20473B23-D786-4A7F-BEAB-47C05B5FA123}.Release|Any CPU.ActiveCfg = Release|Any CPU
		{20473B23-D786-4A7F-BEAB-47C05B5FA123}.Release|Any CPU.Build.0 = Release|Any CPU
	EndGlobalSection
	GlobalSection(SolutionProperties) = preSolution
		HideSolutionNode = FALSE
	EndGlobalSection
	GlobalSection(ExtensibilityGlobals) = postSolution
		SolutionGuid = {06832DAE-5D5C-4ACF-A6E0-A59FFC55C1D1}
	EndGlobalSection
EndGlobal
